github.com/go-chi/chi/v5 v5.2.3 h1:WQIt9uxdsAbgIYgid+BpYc+liqQZGMHRaUwp0JUcvdE=
github.com/go-chi/chi/v5 v5.2.3/go.mod h1:L2yAIGWB3H+phAw1NxKwWM+7eUH/lU8pOMm5hHcoops=
github.com/thesicktwist1/harmony v0.0.0-20251007234741-694b9b8516ed h1:47DEQpj8HBSa+/TImW+5JCeuQeRkm5NMpJWZG3hSuFU=
github.com/thesicktwist1/harmony v0.0.0-20251007234741-694b9b8516ed/go.mod h1:sFqZYqbzqyJ9CqdfIC6WwIw9cH8dzb6hLs9r9gBNtx4=
github.com/thesicktwist1/harmony-shared v0.0.0-20251007142844-a3ad62a00204 h1:A9D2gowWIJG+aqNAyONBVSgzHf/nyU13ikJshG9QD0w=
github.com/thesicktwist1/harmony-shared v0.0.0-20251007142844-a3ad62a00204/go.mod h1:RYjiDAp7if+dtBSkPcDdb2JDIxQBl0YusRnIkEHsB08=
golang.org/x/net v0.45.0 h1:RLBg5JKixCy82FtLJpeNlVM0nrSqpCRYzVU1n8kj0tM=
golang.org/x/net v0.45.0/go.mod h1:ECOoLqd5U3Lhyeyo/QDCEVQ4sNgYsqvCZ722XogGieY=
